{
  "name": "openmeteo-typescript",
  "version": "1.0.0",
  "lockfileVersion": 3,
  "requires": true,
  "packages": {
    "": {
      "name": "openmeteo-typescript",
      "version": "1.0.0",
      "license": "ISC",
      "dependencies": {
        "esm": "^3.2.25",
        "flatbuffers": "^23.5.26"
      },
      "devDependencies": {}
    },
    "node_modules/esm": {
      "version": "3.2.25",
      "resolved": "https://registry.npmjs.org/esm/-/esm-3.2.25.tgz",
      "integrity": "sha512-U1suiZ2oDVWv4zPO56S0NcR5QriEahGtdN2OR6FiOG4WJvcjBVFB0qI4+eKoWFH483PKGuLuu6V8Z4T5g63UVA==",
      "engines": {
        "node": ">=6"
      }
    },
    "node_modules/flatbuffers": {
      "version": "23.5.26",
      "resolved": "https://registry.npmjs.org/flatbuffers/-/flatbuffers-23.5.26.tgz",
      "integrity": "sha512-vE+SI9vrJDwi1oETtTIFldC/o9GsVKRM+s6EL0nQgxXlYV1Vc4Tk30hj4xGICftInKQKj1F3up2n8UbIVobISQ=="
    }
  }
}
